
Microsoft Visual Studio Solution File, Format Version 12.00
# Visual Studio Version 16
VisualStudioVersion = 16.0.35026.282
MinimumVisualStudioVersion = 10.0.40219.1
Project("{888888A0-9F3D-457C-B088-3A5042F75D52}") = "Celsius to Fahrenheit", "Celsius to Fahrenheit\Celsius to Fahrenheit.pyproj", "{C384D012-FCB1-471A-994E-FA0030D843B8}"
EndProject
Global
	GlobalSection(SolutionConfigurationPlatforms) = preSolution
		Debug|Any CPU = Debug|Any CPU
		Release|Any CPU = Release|Any CPU
	EndGlobalSection
	GlobalSection(ProjectConfigurationPlatforms) = postSolution
		{C384D012-FCB1-471A-994E-FA0030D843B8}.Debug|Any CPU.ActiveCfg = Debug|Any CPU
		{C384D012-FCB1-471A-994E-FA0030D843B8}.Release|Any CPU.ActiveCfg = Release|Any CPU
	EndGlobalSection
	GlobalSection(SolutionProperties) = preSolution
		HideSolutionNode = FALSE
	EndGlobalSection
	GlobalSection(ExtensibilityGlobals) = postSolution
		SolutionGuid = {8C31E5F5-5FA9-46C0-8ADF-5F465123068A}
	EndGlobalSection
EndGlobal
